
Microsoft Visual Studio Solution File, Format Version 12.00
# Visual Studio Version 17
VisualStudioVersion = 17.8.34330.188
MinimumVisualStudioVersion = 10.0.40219.1
Project("{8BC9CEB8-8B4A-11D0-8D11-00A0C91BC942}") = "Lab_4", "Lab_4\Lab_4.vcxproj", "{75BD156C-ABBF-450E-976B-768DFD486E65}"
EndProject
Global
	GlobalSection(SolutionConfigurationPlatforms) = preSolution
		Debug|x64 = Debug|x64
		Debug|x86 = Debug|x86
		Release|x64 = Release|x64
		Release|x86 = Release|x86
	EndGlobalSection
	GlobalSection(ProjectConfigurationPlatforms) = postSolution
		{75BD156C-ABBF-450E-976B-768DFD486E65}.Debug|x64.ActiveCfg = Debug|x64
		{75BD156C-ABBF-450E-976B-768DFD486E65}.Debug|x64.Build.0 = Debug|x64
		{75BD156C-ABBF-450E-976B-768DFD486E65}.Debug|x86.ActiveCfg = Debug|Win32
		{75BD156C-ABBF-450E-976B-768DFD486E65}.Debug|x86.Build.0 = Debug|Win32
		{75BD156C-ABBF-450E-976B-768DFD486E65}.Release|x64.ActiveCfg = Release|x64
		{75BD156C-ABBF-450E-976B-768DFD486E65}.Release|x64.Build.0 = Release|x64
		{75BD156C-ABBF-450E-976B-768DFD486E65}.Release|x86.ActiveCfg = Release|Win32
		{75BD156C-ABBF-450E-976B-768DFD486E65}.Release|x86.Build.0 = Release|Win32
	EndGlobalSection
	GlobalSection(SolutionProperties) = preSolution
		HideSolutionNode = FALSE
	EndGlobalSection
	GlobalSection(ExtensibilityGlobals) = postSolution
		SolutionGuid = {526CEC97-558B-4EBD-AB7E-8FE57DC42990}
	EndGlobalSection
EndGlobal
